
Microsoft Visual Studio Solution File, Format Version 12.00
# Visual Studio Version 17
VisualStudioVersion = 17.3.32819.101
MinimumVisualStudioVersion = 10.0.40219.1
Project("{8BC9CEB8-8B4A-11D0-8D11-00A0C91BC942}") = "Get Started", "Computer Graphics\Computer Graphics.vcxproj", "{60E2338E-64DC-40F9-AE96-0606A593DF3A}"
EndProject
Project("{8BC9CEB8-8B4A-11D0-8D11-00A0C91BC942}") = "Lab-1", "Lab-1\Lab-1.vcxproj", "{6DCFB243-CD1E-4A71-8463-5784782E0F2F}"
EndProject
Project("{8BC9CEB8-8B4A-11D0-8D11-00A0C91BC942}") = "Lab-2", "Lab-2\Lab-2.vcxproj", "{6F7B059C-0C85-42D7-B26C-4F1A76A4E808}"
EndProject
Project("{8BC9CEB8-8B4A-11D0-8D11-00A0C91BC942}") = "Lab-3", "Lab-3\Lab-3.vcxproj", "{65FE1753-BADC-454F-AE52-19E0432A1538}"
EndProject
Project("{8BC9CEB8-8B4A-11D0-8D11-00A0C91BC942}") = "Project", "Project\Project.vcxproj", "{75DFC8C3-C2C9-4715-A355-2399FFE5B580}"
EndProject
Project("{8BC9CEB8-8B4A-11D0-8D11-00A0C91BC942}") = "Practice (Lab Test)", "Practice (Lab Test)\Practice (Lab Test).vcxproj", "{B00B10C5-D4BA-4ED6-A683-6AD5544BDE39}"
EndProject
Project("{8BC9CEB8-8B4A-11D0-8D11-00A0C91BC942}") = "Modern OpenGL", "Modern OpenGL\Modern OpenGL.vcxproj", "{BC9C96D2-D6C6-4628-88C9-39F0C5903453}"
EndProject
Global
	GlobalSection(SolutionConfigurationPlatforms) = preSolution
		Debug|x64 = Debug|x64
		Debug|x86 = Debug|x86
		Release|x64 = Release|x64
		Release|x86 = Release|x86
	EndGlobalSection
	GlobalSection(ProjectConfigurationPlatforms) = postSolution
		{60E2338E-64DC-40F9-AE96-0606A593DF3A}.Debug|x64.ActiveCfg = Debug|x64
		{60E2338E-64DC-40F9-AE96-0606A593DF3A}.Debug|x64.Build.0 = Debug|x64
		{60E2338E-64DC-40F9-AE96-0606A593DF3A}.Debug|x86.ActiveCfg = Debug|Win32
		{60E2338E-64DC-40F9-AE96-0606A593DF3A}.Debug|x86.Build.0 = Debug|Win32
		{60E2338E-64DC-40F9-AE96-0606A593DF3A}.Release|x64.ActiveCfg = Release|x64
		{60E2338E-64DC-40F9-AE96-0606A593DF3A}.Release|x64.Build.0 = Release|x64
		{60E2338E-64DC-40F9-AE96-0606A593DF3A}.Release|x86.ActiveCfg = Release|Win32
		{60E2338E-64DC-40F9-AE96-0606A593DF3A}.Release|x86.Build.0 = Release|Win32
		{6DCFB243-CD1E-4A71-8463-5784782E0F2F}.Debug|x64.ActiveCfg = Debug|x64
		{6DCFB243-CD1E-4A71-8463-5784782E0F2F}.Debug|x64.Build.0 = Debug|x64
		{6DCFB243-CD1E-4A71-8463-5784782E0F2F}.Debug|x86.ActiveCfg = Debug|Win32
		{6DCFB243-CD1E-4A71-8463-5784782E0F2F}.Debug|x86.Build.0 = Debug|Win32
		{6DCFB243-CD1E-4A71-8463-5784782E0F2F}.Release|x64.ActiveCfg = Release|x64
		{6DCFB243-CD1E-4A71-8463-5784782E0F2F}.Release|x64.Build.0 = Release|x64
		{6DCFB243-CD1E-4A71-8463-5784782E0F2F}.Release|x86.ActiveCfg = Release|Win32
		{6DCFB243-CD1E-4A71-8463-5784782E0F2F}.Release|x86.Build.0 = Release|Win32
		{6F7B059C-0C85-42D7-B26C-4F1A76A4E808}.Debug|x64.ActiveCfg = Debug|x64
		{6F7B059C-0C85-42D7-B26C-4F1A76A4E808}.Debug|x64.Build.0 = Debug|x64
		{6F7B059C-0C85-42D7-B26C-4F1A76A4E808}.Debug|x86.ActiveCfg = Debug|Win32
		{6F7B059C-0C85-42D7-B26C-4F1A76A4E808}.Debug|x86.Build.0 = Debug|Win32
		{6F7B059C-0C85-42D7-B26C-4F1A76A4E808}.Release|x64.ActiveCfg = Release|x64
		{6F7B059C-0C85-42D7-B26C-4F1A76A4E808}.Release|x64.Build.0 = Release|x64
		{6F7B059C-0C85-42D7-B26C-4F1A76A4E808}.Release|x86.ActiveCfg = Release|Win32
		{6F7B059C-0C85-42D7-B26C-4F1A76A4E808}.Release|x86.Build.0 = Release|Win32
		{65FE1753-BADC-454F-AE52-19E0432A1538}.Debug|x64.ActiveCfg = Debug|x64
		{65FE1753-BADC-454F-AE52-19E0432A1538}.Debug|x64.Build.0 = Debug|x64
		{65FE1753-BADC-454F-AE52-19E0432A1538}.Debug|x86.ActiveCfg = Debug|Win32
		{65FE1753-BADC-454F-AE52-19E0432A1538}.Debug|x86.Build.0 = Debug|Win32
		{65FE1753-BADC-454F-AE52-19E0432A1538}.Release|x64.ActiveCfg = Release|x64
		{65FE1753-BADC-454F-AE52-19E0432A1538}.Release|x64.Build.0 = Release|x64
		{65FE1753-BADC-454F-AE52-19E0432A1538}.Release|x86.ActiveCfg = Release|Win32
		{65FE1753-BADC-454F-AE52-19E0432A1538}.Release|x86.Build.0 = Release|Win32
		{75DFC8C3-C2C9-4715-A355-2399FFE5B580}.Debug|x64.ActiveCfg = Debug|x64
		{75DFC8C3-C2C9-4715-A355-2399FFE5B580}.Debug|x64.Build.0 = Debug|x64
		{75DFC8C3-C2C9-4715-A355-2399FFE5B580}.Debug|x86.ActiveCfg = Debug|Win32
		{75DFC8C3-C2C9-4715-A355-2399FFE5B580}.Debug|x86.Build.0 = Debug|Win32
		{75DFC8C3-C2C9-4715-A355-2399FFE5B580}.Release|x64.ActiveCfg = Release|x64
		{75DFC8C3-C2C9-4715-A355-2399FFE5B580}.Release|x64.Build.0 = Release|x64
		{75DFC8C3-C2C9-4715-A355-2399FFE5B580}.Release|x86.ActiveCfg = Release|Win32
		{75DFC8C3-C2C9-4715-A355-2399FFE5B580}.Release|x86.Build.0 = Release|Win32
		{B00B10C5-D4BA-4ED6-A683-6AD5544BDE39}.Debug|x64.ActiveCfg = Debug|x64
		{B00B10C5-D4BA-4ED6-A683-6AD5544BDE39}.Debug|x64.Build.0 = Debug|x64
		{B00B10C5-D4BA-4ED6-A683-6AD5544BDE39}.Debug|x86.ActiveCfg = Debug|Win32
		{B00B10C5-D4BA-4ED6-A683-6AD5544BDE39}.Debug|x86.Build.0 = Debug|Win32
		{B00B10C5-D4BA-4ED6-A683-6AD5544BDE39}.Release|x64.ActiveCfg = Release|x64
		{B00B10C5-D4BA-4ED6-A683-6AD5544BDE39}.Release|x64.Build.0 = Release|x64
		{B00B10C5-D4BA-4ED6-A683-6AD5544BDE39}.Release|x86.ActiveCfg = Release|Win32
		{B00B10C5-D4BA-4ED6-A683-6AD5544BDE39}.Release|x86.Build.0 = Release|Win32
		{BC9C96D2-D6C6-4628-88C9-39F0C5903453}.Debug|x64.ActiveCfg = Debug|x64
		{BC9C96D2-D6C6-4628-88C9-39F0C5903453}.Debug|x64.Build.0 = Debug|x64
		{BC9C96D2-D6C6-4628-88C9-39F0C5903453}.Debug|x86.ActiveCfg = Debug|Win32
		{BC9C96D2-D6C6-4628-88C9-39F0C5903453}.Debug|x86.Build.0 = Debug|Win32
		{BC9C96D2-D6C6-4628-88C9-39F0C5903453}.Release|x64.ActiveCfg = Release|x64
		{BC9C96D2-D6C6-4628-88C9-39F0C5903453}.Release|x64.Build.0 = Release|x64
		{BC9C96D2-D6C6-4628-88C9-39F0C5903453}.Release|x86.ActiveCfg = Release|Win32
		{BC9C96D2-D6C6-4628-88C9-39F0C5903453}.Release|x86.Build.0 = Release|Win32
	EndGlobalSection
	GlobalSection(SolutionProperties) = preSolution
		HideSolutionNode = FALSE
	EndGlobalSection
	GlobalSection(ExtensibilityGlobals) = postSolution
		SolutionGuid = {539A987D-435B-49FC-B590-2C6E468806E4}
	EndGlobalSection
EndGlobal
